
Microsoft Visual Studio Solution File, Format Version 12.00
# Visual Studio Version 16
VisualStudioVersion = 16.0.30523.141
MinimumVisualStudioVersion = 10.0.40219.1
Project("{8BC9CEB8-8B4A-11D0-8D11-00A0C91BC942}") = "Task1", "HomeWork1\HomeWork1.vcxproj", "{63941E23-EB3B-4547-845D-F8FCD038BEBD}"
EndProject
Project("{8BC9CEB8-8B4A-11D0-8D11-00A0C91BC942}") = "Task2", "Task2\Task2.vcxproj", "{98D06FDF-FFA5-4EA9-80E5-388B560E9F3D}"
EndProject
Project("{8BC9CEB8-8B4A-11D0-8D11-00A0C91BC942}") = "Task3", "Task3\Task3.vcxproj", "{EADC112A-4A20-475D-9A89-FC15CDD27226}"
EndProject
Project("{8BC9CEB8-8B4A-11D0-8D11-00A0C91BC942}") = "Task4", "Task4\Task4.vcxproj", "{56938DA8-2BF7-488D-96D7-8B85E3C8A86A}"
EndProject
Project("{8BC9CEB8-8B4A-11D0-8D11-00A0C91BC942}") = "Task5", "Task5\Task5.vcxproj", "{D1BE5EE2-B292-44E3-B68E-154EBF03F7AE}"
EndProject
Project("{8BC9CEB8-8B4A-11D0-8D11-00A0C91BC942}") = "Task6", "Task6\Task6.vcxproj", "{2A53B547-5147-4B22-A60B-AF9426B51748}"
EndProject
Project("{8BC9CEB8-8B4A-11D0-8D11-00A0C91BC942}") = "Task7", "Task7\Task7.vcxproj", "{8D7702BF-7FDE-4692-809E-55BFDB442C64}"
EndProject
Project("{8BC9CEB8-8B4A-11D0-8D11-00A0C91BC942}") = "Task8", "Task8\Task8.vcxproj", "{59698A13-C3B6-491A-A05E-5F8E2B2B2A30}"
EndProject
Project("{8BC9CEB8-8B4A-11D0-8D11-00A0C91BC942}") = "Task9", "Task9\Task9.vcxproj", "{6C09D4FD-21B1-49FB-9F8D-76C68571612E}"
EndProject
Global
	GlobalSection(SolutionConfigurationPlatforms) = preSolution
		Debug|x64 = Debug|x64
		Debug|x86 = Debug|x86
		Release|x64 = Release|x64
		Release|x86 = Release|x86
	EndGlobalSection
	GlobalSection(ProjectConfigurationPlatforms) = postSolution
		{63941E23-EB3B-4547-845D-F8FCD038BEBD}.Debug|x64.ActiveCfg = Debug|x64
		{63941E23-EB3B-4547-845D-F8FCD038BEBD}.Debug|x64.Build.0 = Debug|x64
		{63941E23-EB3B-4547-845D-F8FCD038BEBD}.Debug|x86.ActiveCfg = Debug|Win32
		{63941E23-EB3B-4547-845D-F8FCD038BEBD}.Debug|x86.Build.0 = Debug|Win32
		{63941E23-EB3B-4547-845D-F8FCD038BEBD}.Release|x64.ActiveCfg = Release|x64
		{63941E23-EB3B-4547-845D-F8FCD038BEBD}.Release|x64.Build.0 = Release|x64
		{63941E23-EB3B-4547-845D-F8FCD038BEBD}.Release|x86.ActiveCfg = Release|Win32
		{63941E23-EB3B-4547-845D-F8FCD038BEBD}.Release|x86.Build.0 = Release|Win32
		{98D06FDF-FFA5-4EA9-80E5-388B560E9F3D}.Debug|x64.ActiveCfg = Debug|x64
		{98D06FDF-FFA5-4EA9-80E5-388B560E9F3D}.Debug|x64.Build.0 = Debug|x64
		{98D06FDF-FFA5-4EA9-80E5-388B560E9F3D}.Debug|x86.ActiveCfg = Debug|Win32
		{98D06FDF-FFA5-4EA9-80E5-388B560E9F3D}.Debug|x86.Build.0 = Debug|Win32
		{98D06FDF-FFA5-4EA9-80E5-388B560E9F3D}.Release|x64.ActiveCfg = Release|x64
		{98D06FDF-FFA5-4EA9-80E5-388B560E9F3D}.Release|x64.Build.0 = Release|x64
		{98D06FDF-FFA5-4EA9-80E5-388B560E9F3D}.Release|x86.ActiveCfg = Release|Win32
		{98D06FDF-FFA5-4EA9-80E5-388B560E9F3D}.Release|x86.Build.0 = Release|Win32
		{EADC112A-4A20-475D-9A89-FC15CDD27226}.Debug|x64.ActiveCfg = Debug|x64
		{EADC112A-4A20-475D-9A89-FC15CDD27226}.Debug|x64.Build.0 = Debug|x64
		{EADC112A-4A20-475D-9A89-FC15CDD27226}.Debug|x86.ActiveCfg = Debug|Win32
		{EADC112A-4A20-475D-9A89-FC15CDD27226}.Debug|x86.Build.0 = Debug|Win32
		{EADC112A-4A20-475D-9A89-FC15CDD27226}.Release|x64.ActiveCfg = Release|x64
		{EADC112A-4A20-475D-9A89-FC15CDD27226}.Release|x64.Build.0 = Release|x64
		{EADC112A-4A20-475D-9A89-FC15CDD27226}.Release|x86.ActiveCfg = Release|Win32
		{EADC112A-4A20-475D-9A89-FC15CDD27226}.Release|x86.Build.0 = Release|Win32
		{56938DA8-2BF7-488D-96D7-8B85E3C8A86A}.Debug|x64.ActiveCfg = Debug|x64
		{56938DA8-2BF7-488D-96D7-8B85E3C8A86A}.Debug|x64.Build.0 = Debug|x64
		{56938DA8-2BF7-488D-96D7-8B85E3C8A86A}.Debug|x86.ActiveCfg = Debug|Win32
		{56938DA8-2BF7-488D-96D7-8B85E3C8A86A}.Debug|x86.Build.0 = Debug|Win32
		{56938DA8-2BF7-488D-96D7-8B85E3C8A86A}.Release|x64.ActiveCfg = Release|x64
		{56938DA8-2BF7-488D-96D7-8B85E3C8A86A}.Release|x64.Build.0 = Release|x64
		{56938DA8-2BF7-488D-96D7-8B85E3C8A86A}.Release|x86.ActiveCfg = Release|Win32
		{56938DA8-2BF7-488D-96D7-8B85E3C8A86A}.Release|x86.Build.0 = Release|Win32
		{D1BE5EE2-B292-44E3-B68E-154EBF03F7AE}.Debug|x64.ActiveCfg = Debug|x64
		{D1BE5EE2-B292-44E3-B68E-154EBF03F7AE}.Debug|x64.Build.0 = Debug|x64
		{D1BE5EE2-B292-44E3-B68E-154EBF03F7AE}.Debug|x86.ActiveCfg = Debug|Win32
		{D1BE5EE2-B292-44E3-B68E-154EBF03F7AE}.Debug|x86.Build.0 = Debug|Win32
		{D1BE5EE2-B292-44E3-B68E-154EBF03F7AE}.Release|x64.ActiveCfg = Release|x64
		{D1BE5EE2-B292-44E3-B68E-154EBF03F7AE}.Release|x64.Build.0 = Release|x64
		{D1BE5EE2-B292-44E3-B68E-154EBF03F7AE}.Release|x86.ActiveCfg = Release|Win32
		{D1BE5EE2-B292-44E3-B68E-154EBF03F7AE}.Release|x86.Build.0 = Release|Win32
		{2A53B547-5147-4B22-A60B-AF9426B51748}.Debug|x64.ActiveCfg = Debug|x64
		{2A53B547-5147-4B22-A60B-AF9426B51748}.Debug|x64.Build.0 = Debug|x64
		{2A53B547-5147-4B22-A60B-AF9426B51748}.Debug|x86.ActiveCfg = Debug|Win32
		{2A53B547-5147-4B22-A60B-AF9426B51748}.Debug|x86.Build.0 = Debug|Win32
		{2A53B547-5147-4B22-A60B-AF9426B51748}.Release|x64.ActiveCfg = Release|x64
		{2A53B547-5147-4B22-A60B-AF9426B51748}.Release|x64.Build.0 = Release|x64
		{2A53B547-5147-4B22-A60B-AF9426B51748}.Release|x86.ActiveCfg = Release|Win32
		{2A53B547-5147-4B22-A60B-AF9426B51748}.Release|x86.Build.0 = Release|Win32
		{8D7702BF-7FDE-4692-809E-55BFDB442C64}.Debug|x64.ActiveCfg = Debug|x64
		{8D7702BF-7FDE-4692-809E-55BFDB442C64}.Debug|x64.Build.0 = Debug|x64
		{8D7702BF-7FDE-4692-809E-55BFDB442C64}.Debug|x86.ActiveCfg = Debug|Win32
		{8D7702BF-7FDE-4692-809E-55BFDB442C64}.Debug|x86.Build.0 = Debug|Win32
		{8D7702BF-7FDE-4692-809E-55BFDB442C64}.Release|x64.ActiveCfg = Release|x64
		{8D7702BF-7FDE-4692-809E-55BFDB442C64}.Release|x64.Build.0 = Release|x64
		{8D7702BF-7FDE-4692-809E-55BFDB442C64}.Release|x86.ActiveCfg = Release|Win32
		{8D7702BF-7FDE-4692-809E-55BFDB442C64}.Release|x86.Build.0 = Release|Win32
		{59698A13-C3B6-491A-A05E-5F8E2B2B2A30}.Debug|x64.ActiveCfg = Debug|x64
		{59698A13-C3B6-491A-A05E-5F8E2B2B2A30}.Debug|x64.Build.0 = Debug|x64
		{59698A13-C3B6-491A-A05E-5F8E2B2B2A30}.Debug|x86.ActiveCfg = Debug|Win32
		{59698A13-C3B6-491A-A05E-5F8E2B2B2A30}.Debug|x86.Build.0 = Debug|Win32
		{59698A13-C3B6-491A-A05E-5F8E2B2B2A30}.Release|x64.ActiveCfg = Release|x64
		{59698A13-C3B6-491A-A05E-5F8E2B2B2A30}.Release|x64.Build.0 = Release|x64
		{59698A13-C3B6-491A-A05E-5F8E2B2B2A30}.Release|x86.ActiveCfg = Release|Win32
		{59698A13-C3B6-491A-A05E-5F8E2B2B2A30}.Release|x86.Build.0 = Release|Win32
		{6C09D4FD-21B1-49FB-9F8D-76C68571612E}.Debug|x64.ActiveCfg = Debug|x64
		{6C09D4FD-21B1-49FB-9F8D-76C68571612E}.Debug|x64.Build.0 = Debug|x64
		{6C09D4FD-21B1-49FB-9F8D-76C68571612E}.Debug|x86.ActiveCfg = Debug|Win32
		{6C09D4FD-21B1-49FB-9F8D-76C68571612E}.Debug|x86.Build.0 = Debug|Win32
		{6C09D4FD-21B1-49FB-9F8D-76C68571612E}.Release|x64.ActiveCfg = Release|x64
		{6C09D4FD-21B1-49FB-9F8D-76C68571612E}.Release|x64.Build.0 = Release|x64
		{6C09D4FD-21B1-49FB-9F8D-76C68571612E}.Release|x86.ActiveCfg = Release|Win32
		{6C09D4FD-21B1-49FB-9F8D-76C68571612E}.Release|x86.Build.0 = Release|Win32
	EndGlobalSection
	GlobalSection(SolutionProperties) = preSolution
		HideSolutionNode = FALSE
	EndGlobalSection
	GlobalSection(ExtensibilityGlobals) = postSolution
		SolutionGuid = {C67E0355-5A4D-40E3-BB55-5F9DD6D2411E}
	EndGlobalSection
EndGlobal
